# This file is generated by running "yarn install" inside your project.
# Manual changes might be lost - proceed with caution!

__metadata:
  version: 4
  cacheKey: 7

"@cspell/cspell-types@npm:^5.5.2":
  version: 5.5.2
  resolution: "@cspell/cspell-types@npm:5.5.2"
  checksum: 4df4e598f002227cc9597fabe53ec86fd7fec5f47f80941f1b75b2445b4bfa39296168eab66cab86fec3d1b93b69f092a0735ddd8356afba1e4b1adee08b9555
  languageName: node
  linkType: hard

"@cspell/dict-scientific-terms-us@npm:^1.0.21":
  version: 1.0.21
  resolution: "@cspell/dict-scientific-terms-us@npm:1.0.21"
  checksum: 748d70cbde0b9dc23f5c035dabdd51200dcd3dcd5b54032a80516959def0b691ef94ba1eea9f27a2c22046009e89989c06faf307d68c44de732ef64daf54b7b6
  languageName: node
  linkType: hard

"test@workspace:.":
  version: 0.0.0-use.local
  resolution: "test@workspace:."
  dependencies:
    "@cspell/cspell-types": ^5.5.2
    "@cspell/dict-scientific-terms-us": ^1.0.21
  languageName: unknown
  linkType: soft
