{
    "name": "sample-parser-strings-comments",
    "lockfileVersion": 3,
    "requires": true,
    "packages": {
        "": {
            "name": "sample-parser-strings-comments",
            "devDependencies": {
                "@cspell/parser-strings-comments": "*"
            }
        },
        "node_modules/@cspell/parser-c-cpp-strings-comments": {
            "version": "1.1.0",
            "resolved": "https://registry.npmjs.org/@cspell/parser-c-cpp-strings-comments/-/parser-c-cpp-strings-comments-1.1.0.tgz",
            "integrity": "sha512-ifcfv/ftGIjVkYmGAZqYBXpbDjkOYc305bxFp/eAz9bHs5t9aQ+hOUFH2fIGR0u2jSU7DfVTdqw/xC1gKlGU7Q==",
            "dev": true,
            "engines": {
                "cspell": ">=10.0.0",
                "node": ">=22.18.0"
            },
            "funding": {
                "url": "https://github.com/streetsidesoftware/cspell?sponsor=1"
            }
        },
        "node_modules/@cspell/parser-csharp-strings-comments": {
            "version": "1.1.0",
            "resolved": "https://registry.npmjs.org/@cspell/parser-csharp-strings-comments/-/parser-csharp-strings-comments-1.1.0.tgz",
            "integrity": "sha512-4DX2wqCbdhyGudzEoaxYwMnSTeWmqME7tp/Yo6cUuHm+R49Fev6xDTtYW1xZndlFclRoVrISHVCV97gC5obfqQ==",
            "dev": true,
            "engines": {
                "cspell": ">=10.0.0",
                "node": ">=22.18.0"
            },
            "funding": {
                "url": "https://github.com/streetsidesoftware/cspell?sponsor=1"
            }
        },
        "node_modules/@cspell/parser-go-strings-comments": {
            "version": "1.1.0",
            "resolved": "https://registry.npmjs.org/@cspell/parser-go-strings-comments/-/parser-go-strings-comments-1.1.0.tgz",
            "integrity": "sha512-lOqLmxZ3pLdlVK3OMpwU9g0Ft+cJsFb3q0uykpT/H8UygYNyEaVnTCWeWXj/+nKnJBcQdTv2jxTvwT7fYaKIaw==",
            "dev": true,
            "engines": {
                "cspell": ">=10.0.0",
                "node": ">=22.18.0"
            },
            "funding": {
                "url": "https://github.com/streetsidesoftware/cspell?sponsor=1"
            }
        },
        "node_modules/@cspell/parser-java-strings-comments": {
            "version": "1.1.0",
            "resolved": "https://registry.npmjs.org/@cspell/parser-java-strings-comments/-/parser-java-strings-comments-1.1.0.tgz",
            "integrity": "sha512-efWxBQd+2d7f2naZarRIvxfXTaR1JVUnzCi/tGCydDGEUFKMl+bx9RFKuaPq4cnoiIRHcXPlGcZYA6+S8Ux+2w==",
            "dev": true,
            "engines": {
                "cspell": ">=10.0.0",
                "node": ">=22.18.0"
            },
            "funding": {
                "url": "https://github.com/streetsidesoftware/cspell?sponsor=1"
            }
        },
        "node_modules/@cspell/parser-php-strings-comments": {
            "version": "1.1.0",
            "resolved": "https://registry.npmjs.org/@cspell/parser-php-strings-comments/-/parser-php-strings-comments-1.1.0.tgz",
            "integrity": "sha512-yRg+ZdvF+b9N2BVqCdCgpVKGS/nNWgG0S6jyygRtpzIgcFnSsjV79WxlDQ9rg9wUZttxC7ESi7bRvDj8eJ6p0A==",
            "dev": true,
            "engines": {
                "cspell": ">=10.0.0",
                "node": ">=22.18.0"
            },
            "funding": {
                "url": "https://github.com/streetsidesoftware/cspell?sponsor=1"
            }
        },
        "node_modules/@cspell/parser-python-strings-comments": {
            "version": "1.1.0",
            "resolved": "https://registry.npmjs.org/@cspell/parser-python-strings-comments/-/parser-python-strings-comments-1.1.0.tgz",
            "integrity": "sha512-JmspSpn+lcxEmt7nc20GFEvl5jqqyVT9RbmtZLob7bHML1CjZfXvX+2A9wsSul8+N5aLx24BIjkMgfkLcQnfyQ==",
            "dev": true,
            "engines": {
                "cspell": ">=10.0.0",
                "node": ">=22.18.0"
            },
            "funding": {
                "url": "https://github.com/streetsidesoftware/cspell?sponsor=1"
            }
        },
        "node_modules/@cspell/parser-ruby-strings-comments": {
            "version": "1.1.0",
            "resolved": "https://registry.npmjs.org/@cspell/parser-ruby-strings-comments/-/parser-ruby-strings-comments-1.1.0.tgz",
            "integrity": "sha512-KG1iZ7KXaIcWTUFvvG/7De+9iIXiRErXAORd3mc/JvrXqutplLy4pYFVTyeeVKFrTlw0rVI6JdGbmdTBeL/Etw==",
            "dev": true,
            "engines": {
                "cspell": ">=10.0.0",
                "node": ">=22.18.0"
            },
            "funding": {
                "url": "https://github.com/streetsidesoftware/cspell?sponsor=1"
            }
        },
        "node_modules/@cspell/parser-rust-strings-comments": {
            "version": "1.1.0",
            "resolved": "https://registry.npmjs.org/@cspell/parser-rust-strings-comments/-/parser-rust-strings-comments-1.1.0.tgz",
            "integrity": "sha512-toQgFbuvRaExfTscPzpGmA+AV9NHI/+xkHIsMqrZSArSKodCxNaAn9EYtywMvwomR0kKxEGB2sMmsLZr9BtAag==",
            "dev": true,
            "engines": {
                "cspell": ">=10.0.0",
                "node": ">=22.18.0"
            },
            "funding": {
                "url": "https://github.com/streetsidesoftware/cspell?sponsor=1"
            }
        },
        "node_modules/@cspell/parser-strings-comments": {
            "version": "1.1.0",
            "resolved": "https://registry.npmjs.org/@cspell/parser-strings-comments/-/parser-strings-comments-1.1.0.tgz",
            "integrity": "sha512-S1OeWS7X33Vy6AxBSCNcjGjY2m6+ZXKaBUliUzVnwF3hM7bWQqV1tmHFSfBMPIY4VSXXFSB3E7pwp+fGg4Ybfw==",
            "dev": true,
            "dependencies": {
                "@cspell/parser-c-cpp-strings-comments": "1.1.0",
                "@cspell/parser-csharp-strings-comments": "1.1.0",
                "@cspell/parser-go-strings-comments": "1.1.0",
                "@cspell/parser-java-strings-comments": "1.1.0",
                "@cspell/parser-php-strings-comments": "1.1.0",
                "@cspell/parser-python-strings-comments": "1.1.0",
                "@cspell/parser-ruby-strings-comments": "1.1.0",
                "@cspell/parser-rust-strings-comments": "1.1.0",
                "@cspell/parser-typescript-strings-comments": "1.1.0"
            },
            "engines": {
                "cspell": ">=10.0.0",
                "node": ">=22.18.0"
            },
            "funding": {
                "url": "https://github.com/streetsidesoftware/cspell?sponsor=1"
            }
        },
        "node_modules/@cspell/parser-typescript-strings-comments": {
            "version": "1.1.0",
            "resolved": "https://registry.npmjs.org/@cspell/parser-typescript-strings-comments/-/parser-typescript-strings-comments-1.1.0.tgz",
            "integrity": "sha512-dF/SdPMlYO+Hg1wS6iqU2GQc8UQs1s1sqyXNHXtVpiQoX7lbLV8bCzUTUJKe1XkVIWqaK7d2+5fGCQohyw1tKg==",
            "dev": true,
            "engines": {
                "cspell": ">=10.0.0",
                "node": ">=22.18.0"
            },
            "funding": {
                "url": "https://github.com/streetsidesoftware/cspell?sponsor=1"
            }
        }
    }
}
