# This file is generated by running "yarn install" inside your project.
# Manual changes might be lost - proceed with caution!

__metadata:
  version: 4
  cacheKey: 7

"@cspell/cspell-types@npm:^5.5.2":
  version: 5.5.2
  resolution: "@cspell/cspell-types@npm:5.5.2"
  checksum: 4df4e598f002227cc9597fabe53ec86fd7fec5f47f80941f1b75b2445b4bfa39296168eab66cab86fec3d1b93b69f092a0735ddd8356afba1e4b1adee08b9555
  languageName: node
  linkType: hard

"@cspell/dict-medicalterms@npm:^1.0.27":
  version: 1.0.27
  resolution: "@cspell/dict-medicalterms@npm:1.0.27"
  checksum: 0bfeec3ce8ea295593f42ff4ec0dab0ec92a00b0cd4d2a6ff69312beabd794e74c3c928103ce1113ac37d1468503d118c3ef56b5055183219238fa560ad54646
  languageName: node
  linkType: hard

"test@workspace:.":
  version: 0.0.0-use.local
  resolution: "test@workspace:."
  dependencies:
    "@cspell/cspell-types": ^5.5.2
    "@cspell/dict-medicalterms": ^1.0.27
  languageName: unknown
  linkType: soft
