{
    "name": "sample-parser-typescript-tree-sitter",
    "lockfileVersion": 3,
    "requires": true,
    "packages": {
        "": {
            "name": "sample-parser-typescript-tree-sitter",
            "devDependencies": {
                "@cspell/parser-typescript-tree-sitter": "*"
            }
        },
        "node_modules/@cspell/parser-typescript-tree-sitter": {
            "version": "1.2.0",
            "resolved": "https://registry.npmjs.org/@cspell/parser-typescript-tree-sitter/-/parser-typescript-tree-sitter-1.2.0.tgz",
            "integrity": "sha512-nRQE3gcQm3GC07K0ZDUT/Ando3dtfjc4ePkZRqHMHE0eJr22rxL1NKNtO61xx2EnaZ9nuvb40q0VHNRHzxqzHQ==",
            "dev": true,
            "dependencies": {
                "tree-sitter": "^0.21.1",
                "tree-sitter-javascript": "^0.23.1",
                "tree-sitter-typescript": "^0.23.2"
            },
            "engines": {
                "cspell": ">=10.0.0",
                "node": ">=22.18.0"
            },
            "funding": {
                "url": "https://github.com/streetsidesoftware/cspell?sponsor=1"
            }
        },
        "node_modules/node-addon-api": {
            "version": "8.9.2",
            "resolved": "https://registry.npmjs.org/node-addon-api/-/node-addon-api-8.9.2.tgz",
            "integrity": "sha512-VijLXbi3UACN69I0JVXJsX4tjACjNoQDgv2gTF6sx2wWEi8tkSg2eX8p5gSIFi8z2+DL3oHmY6OyKce38SDolg==",
            "dev": true,
            "license": "MIT",
            "engines": {
                "node": "^18 || ^20 || >= 21"
            }
        },
        "node_modules/node-gyp-build": {
            "version": "4.8.4",
            "resolved": "https://registry.npmjs.org/node-gyp-build/-/node-gyp-build-4.8.4.tgz",
            "integrity": "sha512-LA4ZjwlnUblHVgq0oBF3Jl/6h/Nvs5fzBLwdEF4nuxnFdsfajde4WfxtJr3CaiH+F6ewcIB/q4jQ4UzPyid+CQ==",
            "dev": true,
            "license": "MIT",
            "bin": {
                "node-gyp-build": "bin.js",
                "node-gyp-build-optional": "optional.js",
                "node-gyp-build-test": "build-test.js"
            }
        },
        "node_modules/tree-sitter": {
            "version": "0.21.1",
            "resolved": "https://registry.npmjs.org/tree-sitter/-/tree-sitter-0.21.1.tgz",
            "integrity": "sha512-7dxoA6kYvtgWw80265MyqJlkRl4yawIjO7S5MigytjELkX43fV2WsAXzsNfO7sBpPPCF5Gp0+XzHk0DwLCq3xQ==",
            "dev": true,
            "hasInstallScript": true,
            "license": "MIT",
            "dependencies": {
                "node-addon-api": "^8.0.0",
                "node-gyp-build": "^4.8.0"
            }
        },
        "node_modules/tree-sitter-javascript": {
            "version": "0.23.1",
            "resolved": "https://registry.npmjs.org/tree-sitter-javascript/-/tree-sitter-javascript-0.23.1.tgz",
            "integrity": "sha512-/bnhbrTD9frUYHQTiYnPcxyHORIw157ERBa6dqzaKxvR/x3PC4Yzd+D1pZIMS6zNg2v3a8BZ0oK7jHqsQo9fWA==",
            "dev": true,
            "hasInstallScript": true,
            "license": "MIT",
            "dependencies": {
                "node-addon-api": "^8.2.2",
                "node-gyp-build": "^4.8.2"
            },
            "peerDependencies": {
                "tree-sitter": "^0.21.1"
            },
            "peerDependenciesMeta": {
                "tree-sitter": {
                    "optional": true
                }
            }
        },
        "node_modules/tree-sitter-typescript": {
            "version": "0.23.2",
            "resolved": "https://registry.npmjs.org/tree-sitter-typescript/-/tree-sitter-typescript-0.23.2.tgz",
            "integrity": "sha512-e04JUUKxTT53/x3Uq1zIL45DoYKVfHH4CZqwgZhPg5qYROl5nQjV+85ruFzFGZxu+QeFVbRTPDRnqL9UbU4VeA==",
            "dev": true,
            "hasInstallScript": true,
            "license": "MIT",
            "dependencies": {
                "node-addon-api": "^8.2.2",
                "node-gyp-build": "^4.8.2",
                "tree-sitter-javascript": "^0.23.1"
            },
            "peerDependencies": {
                "tree-sitter": "^0.21.0"
            },
            "peerDependenciesMeta": {
                "tree-sitter": {
                    "optional": true
                }
            }
        }
    }
}
